
Microsoft Visual Studio Solution File, Format Version 12.00
# Visual Studio Version 16
VisualStudioVersion = 16.0.30523.141
MinimumVisualStudioVersion = 10.0.40219.1
Project("{8BC9CEB8-8B4A-11D0-8D11-00A0C91BC942}") = "CiAOD_2", "CiAOD_2\CiAOD_2.vcxproj", "{A8CF9DD0-A730-488A-8821-BB6BE77A66DA}"
EndProject
Global
	GlobalSection(SolutionConfigurationPlatforms) = preSolution
		Debug|x64 = Debug|x64
		Debug|x86 = Debug|x86
		Release|x64 = Release|x64
		Release|x86 = Release|x86
	EndGlobalSection
	GlobalSection(ProjectConfigurationPlatforms) = postSolution
		{A8CF9DD0-A730-488A-8821-BB6BE77A66DA}.Debug|x64.ActiveCfg = Debug|x64
		{A8CF9DD0-A730-488A-8821-BB6BE77A66DA}.Debug|x64.Build.0 = Debug|x64
		{A8CF9DD0-A730-488A-8821-BB6BE77A66DA}.Debug|x86.ActiveCfg = Debug|Win32
		{A8CF9DD0-A730-488A-8821-BB6BE77A66DA}.Debug|x86.Build.0 = Debug|Win32
		{A8CF9DD0-A730-488A-8821-BB6BE77A66DA}.Release|x64.ActiveCfg = Release|x64
		{A8CF9DD0-A730-488A-8821-BB6BE77A66DA}.Release|x64.Build.0 = Release|x64
		{A8CF9DD0-A730-488A-8821-BB6BE77A66DA}.Release|x86.ActiveCfg = Release|Win32
		{A8CF9DD0-A730-488A-8821-BB6BE77A66DA}.Release|x86.Build.0 = Release|Win32
	EndGlobalSection
	GlobalSection(SolutionProperties) = preSolution
		HideSolutionNode = FALSE
	EndGlobalSection
	GlobalSection(ExtensibilityGlobals) = postSolution
		SolutionGuid = {0C18A839-1F24-47D6-A542-E14E8E7C1626}
	EndGlobalSection
EndGlobal
